
Microsoft Visual Studio Solution File, Format Version 12.00
# Visual Studio Version 17
VisualStudioVersion = 17.8.34408.163
MinimumVisualStudioVersion = 10.0.40219.1
Project("{FAE04EC0-301F-11D3-BF4B-00C04F79EFBC}") = "BullsCows", "BullsCows.csproj", "{7D28EF73-BB7F-4FEC-97DF-78E7708018CD}"
EndProject
Global
	GlobalSection(SolutionConfigurationPlatforms) = preSolution
		Debug|Any CPU = Debug|Any CPU
		Release|Any CPU = Release|Any CPU
	EndGlobalSection
	GlobalSection(ProjectConfigurationPlatforms) = postSolution
		{7D28EF73-BB7F-4FEC-97DF-78E7708018CD}.Debug|Any CPU.ActiveCfg = Debug|Any CPU
		{7D28EF73-BB7F-4FEC-97DF-78E7708018CD}.Debug|Any CPU.Build.0 = Debug|Any CPU
		{7D28EF73-BB7F-4FEC-97DF-78E7708018CD}.Release|Any CPU.ActiveCfg = Release|Any CPU
		{7D28EF73-BB7F-4FEC-97DF-78E7708018CD}.Release|Any CPU.Build.0 = Release|Any CPU
	EndGlobalSection
	GlobalSection(SolutionProperties) = preSolution
		HideSolutionNode = FALSE
	EndGlobalSection
	GlobalSection(ExtensibilityGlobals) = postSolution
		SolutionGuid = {77FD873C-4D00-43B1-A22F-3A055AF7E961}
	EndGlobalSection
EndGlobal
